
Microsoft Visual Studio Solution File, Format Version 12.00
# Visual Studio 2013
VisualStudioVersion = 12.0.31101.0
MinimumVisualStudioVersion = 10.0.40219.1
Project("{CC5FD16D-436D-48AD-A40C-5A424C6E3E79}") = "cs491", "cs491\cs491.ccproj", "{9774E9CF-13A6-46CE-B76F-C3E1FF9099C9}"
EndProject
Project("{FAE04EC0-301F-11D3-BF4B-00C04F79EFBC}") = "contactWebsite", "contactWebsite\contactWebsite.csproj", "{95D6A583-573E-47E2-BEDB-F35365F69592}"
EndProject
Global
	GlobalSection(SolutionConfigurationPlatforms) = preSolution
		Debug|Any CPU = Debug|Any CPU
		Release|Any CPU = Release|Any CPU
	EndGlobalSection
	GlobalSection(ProjectConfigurationPlatforms) = postSolution
		{9774E9CF-13A6-46CE-B76F-C3E1FF9099C9}.Debug|Any CPU.ActiveCfg = Debug|Any CPU
		{9774E9CF-13A6-46CE-B76F-C3E1FF9099C9}.Debug|Any CPU.Build.0 = Debug|Any CPU
		{9774E9CF-13A6-46CE-B76F-C3E1FF9099C9}.Release|Any CPU.ActiveCfg = Release|Any CPU
		{9774E9CF-13A6-46CE-B76F-C3E1FF9099C9}.Release|Any CPU.Build.0 = Release|Any CPU
		{95D6A583-573E-47E2-BEDB-F35365F69592}.Debug|Any CPU.ActiveCfg = Debug|Any CPU
		{95D6A583-573E-47E2-BEDB-F35365F69592}.Debug|Any CPU.Build.0 = Debug|Any CPU
		{95D6A583-573E-47E2-BEDB-F35365F69592}.Release|Any CPU.ActiveCfg = Release|Any CPU
		{95D6A583-573E-47E2-BEDB-F35365F69592}.Release|Any CPU.Build.0 = Release|Any CPU
	EndGlobalSection
	GlobalSection(SolutionProperties) = preSolution
		HideSolutionNode = FALSE
	EndGlobalSection
EndGlobal
